
Microsoft Visual Studio Solution File, Format Version 12.00
# Visual Studio 15
VisualStudioVersion = 15.0.28307.438
MinimumVisualStudioVersion = 10.0.40219.1
Project("{8BC9CEB8-8B4A-11D0-8D11-00A0C91BC942}") = "C_NC_day07", "C_NC_day07\C_NC_day07.vcxproj", "{50D259C2-6EA7-424D-AAED-96047ABF9CC3}"
EndProject
Global
	GlobalSection(SolutionConfigurationPlatforms) = preSolution
		Debug|x64 = Debug|x64
		Debug|x86 = Debug|x86
		Release|x64 = Release|x64
		Release|x86 = Release|x86
	EndGlobalSection
	GlobalSection(ProjectConfigurationPlatforms) = postSolution
		{50D259C2-6EA7-424D-AAED-96047ABF9CC3}.Debug|x64.ActiveCfg = Debug|x64
		{50D259C2-6EA7-424D-AAED-96047ABF9CC3}.Debug|x64.Build.0 = Debug|x64
		{50D259C2-6EA7-424D-AAED-96047ABF9CC3}.Debug|x86.ActiveCfg = Debug|Win32
		{50D259C2-6EA7-424D-AAED-96047ABF9CC3}.Debug|x86.Build.0 = Debug|Win32
		{50D259C2-6EA7-424D-AAED-96047ABF9CC3}.Release|x64.ActiveCfg = Release|x64
		{50D259C2-6EA7-424D-AAED-96047ABF9CC3}.Release|x64.Build.0 = Release|x64
		{50D259C2-6EA7-424D-AAED-96047ABF9CC3}.Release|x86.ActiveCfg = Release|Win32
		{50D259C2-6EA7-424D-AAED-96047ABF9CC3}.Release|x86.Build.0 = Release|Win32
	EndGlobalSection
	GlobalSection(SolutionProperties) = preSolution
		HideSolutionNode = FALSE
	EndGlobalSection
	GlobalSection(ExtensibilityGlobals) = postSolution
		SolutionGuid = {E7B41718-6838-447A-BE51-D30ED0201951}
	EndGlobalSection
EndGlobal
