
Microsoft Visual Studio Solution File, Format Version 12.00
# Visual Studio 15
VisualStudioVersion = 15.0.28307.438
MinimumVisualStudioVersion = 10.0.40219.1
Project("{8BC9CEB8-8B4A-11D0-8D11-00A0C91BC942}") = "C_NC_day15", "C_NC_day15\C_NC_day15.vcxproj", "{0AE00507-ECE7-44C1-A39A-E69EB1ADEF4D}"
EndProject
Global
	GlobalSection(SolutionConfigurationPlatforms) = preSolution
		Debug|x64 = Debug|x64
		Debug|x86 = Debug|x86
		Release|x64 = Release|x64
		Release|x86 = Release|x86
	EndGlobalSection
	GlobalSection(ProjectConfigurationPlatforms) = postSolution
		{0AE00507-ECE7-44C1-A39A-E69EB1ADEF4D}.Debug|x64.ActiveCfg = Debug|x64
		{0AE00507-ECE7-44C1-A39A-E69EB1ADEF4D}.Debug|x64.Build.0 = Debug|x64
		{0AE00507-ECE7-44C1-A39A-E69EB1ADEF4D}.Debug|x86.ActiveCfg = Debug|Win32
		{0AE00507-ECE7-44C1-A39A-E69EB1ADEF4D}.Debug|x86.Build.0 = Debug|Win32
		{0AE00507-ECE7-44C1-A39A-E69EB1ADEF4D}.Release|x64.ActiveCfg = Release|x64
		{0AE00507-ECE7-44C1-A39A-E69EB1ADEF4D}.Release|x64.Build.0 = Release|x64
		{0AE00507-ECE7-44C1-A39A-E69EB1ADEF4D}.Release|x86.ActiveCfg = Release|Win32
		{0AE00507-ECE7-44C1-A39A-E69EB1ADEF4D}.Release|x86.Build.0 = Release|Win32
	EndGlobalSection
	GlobalSection(SolutionProperties) = preSolution
		HideSolutionNode = FALSE
	EndGlobalSection
	GlobalSection(ExtensibilityGlobals) = postSolution
		SolutionGuid = {F13F6C10-D431-4DF5-88C5-F64EB16F8AFA}
	EndGlobalSection
EndGlobal
