
Microsoft Visual Studio Solution File, Format Version 12.00
# Visual Studio 15
VisualStudioVersion = 15.0.28307.438
MinimumVisualStudioVersion = 10.0.40219.1
Project("{8BC9CEB8-8B4A-11D0-8D11-00A0C91BC942}") = "BinaryTree", "BinaryTree\BinaryTree.vcxproj", "{BA38E506-FB58-47C8-9381-E15C84513F3E}"
EndProject
Global
	GlobalSection(SolutionConfigurationPlatforms) = preSolution
		Debug|x64 = Debug|x64
		Debug|x86 = Debug|x86
		Release|x64 = Release|x64
		Release|x86 = Release|x86
	EndGlobalSection
	GlobalSection(ProjectConfigurationPlatforms) = postSolution
		{BA38E506-FB58-47C8-9381-E15C84513F3E}.Debug|x64.ActiveCfg = Debug|x64
		{BA38E506-FB58-47C8-9381-E15C84513F3E}.Debug|x64.Build.0 = Debug|x64
		{BA38E506-FB58-47C8-9381-E15C84513F3E}.Debug|x86.ActiveCfg = Debug|Win32
		{BA38E506-FB58-47C8-9381-E15C84513F3E}.Debug|x86.Build.0 = Debug|Win32
		{BA38E506-FB58-47C8-9381-E15C84513F3E}.Release|x64.ActiveCfg = Release|x64
		{BA38E506-FB58-47C8-9381-E15C84513F3E}.Release|x64.Build.0 = Release|x64
		{BA38E506-FB58-47C8-9381-E15C84513F3E}.Release|x86.ActiveCfg = Release|Win32
		{BA38E506-FB58-47C8-9381-E15C84513F3E}.Release|x86.Build.0 = Release|Win32
	EndGlobalSection
	GlobalSection(SolutionProperties) = preSolution
		HideSolutionNode = FALSE
	EndGlobalSection
	GlobalSection(ExtensibilityGlobals) = postSolution
		SolutionGuid = {69CCF034-BFDD-4EC0-ADF1-A6C4DB38EEC6}
	EndGlobalSection
EndGlobal
