
Microsoft Visual Studio Solution File, Format Version 12.00
# Visual Studio 15
VisualStudioVersion = 15.0.28307.438
MinimumVisualStudioVersion = 10.0.40219.1
Project("{8BC9CEB8-8B4A-11D0-8D11-00A0C91BC942}") = "HuffmanEncoding", "HuffmanEncoding\HuffmanEncoding.vcxproj", "{4F634EB2-AB12-48A0-83FE-0AD5A45E6B33}"
EndProject
Global
	GlobalSection(SolutionConfigurationPlatforms) = preSolution
		Debug|x64 = Debug|x64
		Debug|x86 = Debug|x86
		Release|x64 = Release|x64
		Release|x86 = Release|x86
	EndGlobalSection
	GlobalSection(ProjectConfigurationPlatforms) = postSolution
		{4F634EB2-AB12-48A0-83FE-0AD5A45E6B33}.Debug|x64.ActiveCfg = Debug|x64
		{4F634EB2-AB12-48A0-83FE-0AD5A45E6B33}.Debug|x64.Build.0 = Debug|x64
		{4F634EB2-AB12-48A0-83FE-0AD5A45E6B33}.Debug|x86.ActiveCfg = Debug|Win32
		{4F634EB2-AB12-48A0-83FE-0AD5A45E6B33}.Debug|x86.Build.0 = Debug|Win32
		{4F634EB2-AB12-48A0-83FE-0AD5A45E6B33}.Release|x64.ActiveCfg = Release|x64
		{4F634EB2-AB12-48A0-83FE-0AD5A45E6B33}.Release|x64.Build.0 = Release|x64
		{4F634EB2-AB12-48A0-83FE-0AD5A45E6B33}.Release|x86.ActiveCfg = Release|Win32
		{4F634EB2-AB12-48A0-83FE-0AD5A45E6B33}.Release|x86.Build.0 = Release|Win32
	EndGlobalSection
	GlobalSection(SolutionProperties) = preSolution
		HideSolutionNode = FALSE
	EndGlobalSection
	GlobalSection(ExtensibilityGlobals) = postSolution
		SolutionGuid = {1A6F5546-FAD3-40ED-B96C-A6B81A53DFDE}
	EndGlobalSection
EndGlobal
