
Microsoft Visual Studio Solution File, Format Version 12.00
# Visual Studio 15
VisualStudioVersion = 15.0.28307.438
MinimumVisualStudioVersion = 10.0.40219.1
Project("{8BC9CEB8-8B4A-11D0-8D11-00A0C91BC942}") = "Queue", "Queue\Queue.vcxproj", "{66A1A13C-BE85-4FB8-82C3-20625788782B}"
EndProject
Global
	GlobalSection(SolutionConfigurationPlatforms) = preSolution
		Debug|x64 = Debug|x64
		Debug|x86 = Debug|x86
		Release|x64 = Release|x64
		Release|x86 = Release|x86
	EndGlobalSection
	GlobalSection(ProjectConfigurationPlatforms) = postSolution
		{66A1A13C-BE85-4FB8-82C3-20625788782B}.Debug|x64.ActiveCfg = Debug|x64
		{66A1A13C-BE85-4FB8-82C3-20625788782B}.Debug|x64.Build.0 = Debug|x64
		{66A1A13C-BE85-4FB8-82C3-20625788782B}.Debug|x86.ActiveCfg = Debug|Win32
		{66A1A13C-BE85-4FB8-82C3-20625788782B}.Debug|x86.Build.0 = Debug|Win32
		{66A1A13C-BE85-4FB8-82C3-20625788782B}.Release|x64.ActiveCfg = Release|x64
		{66A1A13C-BE85-4FB8-82C3-20625788782B}.Release|x64.Build.0 = Release|x64
		{66A1A13C-BE85-4FB8-82C3-20625788782B}.Release|x86.ActiveCfg = Release|Win32
		{66A1A13C-BE85-4FB8-82C3-20625788782B}.Release|x86.Build.0 = Release|Win32
	EndGlobalSection
	GlobalSection(SolutionProperties) = preSolution
		HideSolutionNode = FALSE
	EndGlobalSection
	GlobalSection(ExtensibilityGlobals) = postSolution
		SolutionGuid = {9DF11095-36B1-4DCF-936B-4E3E896AFE5D}
	EndGlobalSection
EndGlobal
