
Microsoft Visual Studio Solution File, Format Version 12.00
# Visual Studio 15
VisualStudioVersion = 15.0.28307.438
MinimumVisualStudioVersion = 10.0.40219.1
Project("{8BC9CEB8-8B4A-11D0-8D11-00A0C91BC942}") = "Search", "Search\Search.vcxproj", "{F8F4C03A-7EAC-4101-804C-5C6126D37793}"
EndProject
Global
	GlobalSection(SolutionConfigurationPlatforms) = preSolution
		Debug|x64 = Debug|x64
		Debug|x86 = Debug|x86
		Release|x64 = Release|x64
		Release|x86 = Release|x86
	EndGlobalSection
	GlobalSection(ProjectConfigurationPlatforms) = postSolution
		{F8F4C03A-7EAC-4101-804C-5C6126D37793}.Debug|x64.ActiveCfg = Debug|x64
		{F8F4C03A-7EAC-4101-804C-5C6126D37793}.Debug|x64.Build.0 = Debug|x64
		{F8F4C03A-7EAC-4101-804C-5C6126D37793}.Debug|x86.ActiveCfg = Debug|Win32
		{F8F4C03A-7EAC-4101-804C-5C6126D37793}.Debug|x86.Build.0 = Debug|Win32
		{F8F4C03A-7EAC-4101-804C-5C6126D37793}.Release|x64.ActiveCfg = Release|x64
		{F8F4C03A-7EAC-4101-804C-5C6126D37793}.Release|x64.Build.0 = Release|x64
		{F8F4C03A-7EAC-4101-804C-5C6126D37793}.Release|x86.ActiveCfg = Release|Win32
		{F8F4C03A-7EAC-4101-804C-5C6126D37793}.Release|x86.Build.0 = Release|Win32
	EndGlobalSection
	GlobalSection(SolutionProperties) = preSolution
		HideSolutionNode = FALSE
	EndGlobalSection
	GlobalSection(ExtensibilityGlobals) = postSolution
		SolutionGuid = {C31529E9-9002-4D00-9403-6F2CE9122E6C}
	EndGlobalSection
EndGlobal
